
Microsoft Visual Studio Solution File, Format Version 12.00
# Visual Studio Version 17
VisualStudioVersion = 17.8.34205.153
MinimumVisualStudioVersion = 10.0.40219.1
Project("{9A19103F-16F7-4668-BE54-9A1E7A4F7556}") = "Trade24.Service", "Trade24.Service\Trade24.Service.csproj", "{C60F8567-0846-4E6C-822A-0B582FEA84FD}"
EndProject
Project("{9A19103F-16F7-4668-BE54-9A1E7A4F7556}") = "Trade24.Service.Test", "Trade24.Service.Test\Trade24.Service.Test.csproj", "{6BD648A1-C993-486C-B5A4-23C058EE61A1}"
EndProject
Global
	GlobalSection(SolutionConfigurationPlatforms) = preSolution
		Debug|Any CPU = Debug|Any CPU
		Release|Any CPU = Release|Any CPU
	EndGlobalSection
	GlobalSection(ProjectConfigurationPlatforms) = postSolution
		{C60F8567-0846-4E6C-822A-0B582FEA84FD}.Debug|Any CPU.ActiveCfg = Debug|Any CPU
		{C60F8567-0846-4E6C-822A-0B582FEA84FD}.Debug|Any CPU.Build.0 = Debug|Any CPU
		{C60F8567-0846-4E6C-822A-0B582FEA84FD}.Release|Any CPU.ActiveCfg = Release|Any CPU
		{C60F8567-0846-4E6C-822A-0B582FEA84FD}.Release|Any CPU.Build.0 = Release|Any CPU
		{6BD648A1-C993-486C-B5A4-23C058EE61A1}.Debug|Any CPU.ActiveCfg = Debug|Any CPU
		{6BD648A1-C993-486C-B5A4-23C058EE61A1}.Debug|Any CPU.Build.0 = Debug|Any CPU
		{6BD648A1-C993-486C-B5A4-23C058EE61A1}.Release|Any CPU.ActiveCfg = Release|Any CPU
		{6BD648A1-C993-486C-B5A4-23C058EE61A1}.Release|Any CPU.Build.0 = Release|Any CPU
	EndGlobalSection
	GlobalSection(SolutionProperties) = preSolution
		HideSolutionNode = FALSE
	EndGlobalSection
	GlobalSection(ExtensibilityGlobals) = postSolution
		SolutionGuid = {C2EEDB31-9FC1-4017-A618-630E125E2BDE}
	EndGlobalSection
EndGlobal
